// !$*UTF8*$!
{
	archiveVersion = 1;
	classes = {
	};
	objectVersion = 50;
	objects = {

/* Begin PBXBuildFile section */
		524892C9240502C7002D945B /* RestaurantDetailIconTextCell.swift in Sources */ = {isa = PBXBuildFile; fileRef = 524892C8240502C6002D945B /* RestaurantDetailIconTextCell.swift */; };
		524892CB24051217002D945B /* RestaurantDetailTextCell.swift in Sources */ = {isa = PBXBuildFile; fileRef = 524892CA24051217002D945B /* RestaurantDetailTextCell.swift */; };
		5267C53523F9C8DB00B2C505 /* RestaurantDetailViewController.swift in Sources */ = {isa = PBXBuildFile; fileRef = 5267C53423F9C8DB00B2C505 /* RestaurantDetailViewController.swift */; };
		5291296123EC5A9F00AF1427 /* AppDelegate.swift in Sources */ = {isa = PBXBuildFile; fileRef = 5291296023EC5A9F00AF1427 /* AppDelegate.swift */; };
		5291296323EC5A9F00AF1427 /* SceneDelegate.swift in Sources */ = {isa = PBXBuildFile; fileRef = 5291296223EC5A9F00AF1427 /* SceneDelegate.swift */; };
		5291296823EC5A9F00AF1427 /* Main.storyboard in Resources */ = {isa = PBXBuildFile; fileRef = 5291296623EC5A9F00AF1427 /* Main.storyboard */; };
		5291296A23EC5AA100AF1427 /* Assets.xcassets in Resources */ = {isa = PBXBuildFile; fileRef = 5291296923EC5AA100AF1427 /* Assets.xcassets */; };
		5291296D23EC5AA100AF1427 /* LaunchScreen.storyboard in Resources */ = {isa = PBXBuildFile; fileRef = 5291296B23EC5AA100AF1427 /* LaunchScreen.storyboard */; };
		5291297523EC5D3B00AF1427 /* RestaurantTableViewController.swift in Sources */ = {isa = PBXBuildFile; fileRef = 5291297423EC5D3B00AF1427 /* RestaurantTableViewController.swift */; };
		5291297723EC81F200AF1427 /* RestaurantTableViewCell.swift in Sources */ = {isa = PBXBuildFile; fileRef = 5291297623EC81F200AF1427 /* RestaurantTableViewCell.swift */; };
		529B2FF023FAB01700BE042B /* Restaurant.swift in Sources */ = {isa = PBXBuildFile; fileRef = 529B2FEF23FAB01700BE042B /* Restaurant.swift */; };
		52BA41EB23FD491600A9529B /* LacquerOFL.txt in Resources */ = {isa = PBXBuildFile; fileRef = 52BA41E423FD491600A9529B /* LacquerOFL.txt */; };
		52BA41EC23FD491600A9529B /* AmaticSC-Regular.ttf in Resources */ = {isa = PBXBuildFile; fileRef = 52BA41E523FD491600A9529B /* AmaticSC-Regular.ttf */; };
		52BA41ED23FD491600A9529B /* Amatic_SC_OFL.txt in Resources */ = {isa = PBXBuildFile; fileRef = 52BA41E623FD491600A9529B /* Amatic_SC_OFL.txt */; };
		52BA41EE23FD491600A9529B /* AmaticSC-Bold.ttf in Resources */ = {isa = PBXBuildFile; fileRef = 52BA41E723FD491600A9529B /* AmaticSC-Bold.ttf */; };
		52BA41EF23FD491600A9529B /* AbrilFatface-Regular.ttf in Resources */ = {isa = PBXBuildFile; fileRef = 52BA41E823FD491600A9529B /* AbrilFatface-Regular.ttf */; };
		52BA41F023FD491600A9529B /* Lacquer-Regular.ttf in Resources */ = {isa = PBXBuildFile; fileRef = 52BA41E923FD491600A9529B /* Lacquer-Regular.ttf */; };
		52BA41F123FD491600A9529B /* Abril_Fatface_OFL.txt in Resources */ = {isa = PBXBuildFile; fileRef = 52BA41EA23FD491600A9529B /* Abril_Fatface_OFL.txt */; };
		52BA41F323FD61BD00A9529B /* RestaurantDetailHeaderView.swift in Sources */ = {isa = PBXBuildFile; fileRef = 52BA41F223FD61BD00A9529B /* RestaurantDetailHeaderView.swift */; };
		52F39FAA2420E93D009B441F /* UIColor_Ext.swift in Sources */ = {isa = PBXBuildFile; fileRef = 52F39FA92420E93D009B441F /* UIColor_Ext.swift */; };
/* End PBXBuildFile section */

/* Begin PBXFileReference section */
		524892C8240502C6002D945B /* RestaurantDetailIconTextCell.swift */ = {isa = PBXFileReference; lastKnownFileType = sourcecode.swift; path = RestaurantDetailIconTextCell.swift; sourceTree = "<group>"; };
		524892CA24051217002D945B /* RestaurantDetailTextCell.swift */ = {isa = PBXFileReference; lastKnownFileType = sourcecode.swift; path = RestaurantDetailTextCell.swift; sourceTree = "<group>"; };
		5267C53423F9C8DB00B2C505 /* RestaurantDetailViewController.swift */ = {isa = PBXFileReference; lastKnownFileType = sourcecode.swift; path = RestaurantDetailViewController.swift; sourceTree = "<group>"; };
		5291295D23EC5A9F00AF1427 /* FoodPin.app */ = {isa = PBXFileReference; explicitFileType = wrapper.application; includeInIndex = 0; path = FoodPin.app; sourceTree = BUILT_PRODUCTS_DIR; };
		5291296023EC5A9F00AF1427 /* AppDelegate.swift */ = {isa = PBXFileReference; lastKnownFileType = sourcecode.swift; path = AppDelegate.swift; sourceTree = "<group>"; };
		5291296223EC5A9F00AF1427 /* SceneDelegate.swift */ = {isa = PBXFileReference; lastKnownFileType = sourcecode.swift; path = SceneDelegate.swift; sourceTree = "<group>"; };
		5291296723EC5A9F00AF1427 /* Base */ = {isa = PBXFileReference; lastKnownFileType = file.storyboard; name = Base; path = Base.lproj/Main.storyboard; sourceTree = "<group>"; };
		5291296923EC5AA100AF1427 /* Assets.xcassets */ = {isa = PBXFileReference; lastKnownFileType = folder.assetcatalog; path = Assets.xcassets; sourceTree = "<group>"; };
		5291296C23EC5AA100AF1427 /* Base */ = {isa = PBXFileReference; lastKnownFileType = file.storyboard; name = Base; path = Base.lproj/LaunchScreen.storyboard; sourceTree = "<group>"; };
		5291296E23EC5AA100AF1427 /* Info.plist */ = {isa = PBXFileReference; lastKnownFileType = text.plist.xml; path = Info.plist; sourceTree = "<group>"; };
		5291297423EC5D3B00AF1427 /* RestaurantTableViewController.swift */ = {isa = PBXFileReference; lastKnownFileType = sourcecode.swift; path = RestaurantTableViewController.swift; sourceTree = "<group>"; };
		5291297623EC81F200AF1427 /* RestaurantTableViewCell.swift */ = {isa = PBXFileReference; lastKnownFileType = sourcecode.swift; path = RestaurantTableViewCell.swift; sourceTree = "<group>"; };
		529B2FEF23FAB01700BE042B /* Restaurant.swift */ = {isa = PBXFileReference; lastKnownFileType = sourcecode.swift; path = Restaurant.swift; sourceTree = "<group>"; };
		52BA41E423FD491600A9529B /* LacquerOFL.txt */ = {isa = PBXFileReference; fileEncoding = 4; lastKnownFileType = text; path = LacquerOFL.txt; sourceTree = "<group>"; };
		52BA41E523FD491600A9529B /* AmaticSC-Regular.ttf */ = {isa = PBXFileReference; lastKnownFileType = file; path = "AmaticSC-Regular.ttf"; sourceTree = "<group>"; };
		52BA41E623FD491600A9529B /* Amatic_SC_OFL.txt */ = {isa = PBXFileReference; fileEncoding = 4; lastKnownFileType = text; path = Amatic_SC_OFL.txt; sourceTree = "<group>"; };
		52BA41E723FD491600A9529B /* AmaticSC-Bold.ttf */ = {isa = PBXFileReference; lastKnownFileType = file; path = "AmaticSC-Bold.ttf"; sourceTree = "<group>"; };
		52BA41E823FD491600A9529B /* AbrilFatface-Regular.ttf */ = {isa = PBXFileReference; lastKnownFileType = file; path = "AbrilFatface-Regular.ttf"; sourceTree = "<group>"; };
		52BA41E923FD491600A9529B /* Lacquer-Regular.ttf */ = {isa = PBXFileReference; lastKnownFileType = file; path = "Lacquer-Regular.ttf"; sourceTree = "<group>"; };
		52BA41EA23FD491600A9529B /* Abril_Fatface_OFL.txt */ = {isa = PBXFileReference; fileEncoding = 4; lastKnownFileType = text; path = Abril_Fatface_OFL.txt; sourceTree = "<group>"; };
		52BA41F223FD61BD00A9529B /* RestaurantDetailHeaderView.swift */ = {isa = PBXFileReference; lastKnownFileType = sourcecode.swift; path = RestaurantDetailHeaderView.swift; sourceTree = "<group>"; };
		52F39FA92420E93D009B441F /* UIColor_Ext.swift */ = {isa = PBXFileReference; lastKnownFileType = sourcecode.swift; path = UIColor_Ext.swift; sourceTree = "<group>"; };
/* End PBXFileReference section */

/* Begin PBXFrameworksBuildPhase section */
		5291295A23EC5A9F00AF1427 /* Frameworks */ = {
			isa = PBXFrameworksBuildPhase;
			buildActionMask = 2147483647;
			files = (
			);
			runOnlyForDeploymentPostprocessing = 0;
		};
/* End PBXFrameworksBuildPhase section */

/* Begin PBXGroup section */
		52324BAB23FF32E900228360 /* Resources */ = {
			isa = PBXGroup;
			children = (
				52BA41E323FD47FF00A9529B /* Fonts */,
			);
			path = Resources;
			sourceTree = "<group>";
		};
		5291295423EC5A9F00AF1427 = {
			isa = PBXGroup;
			children = (
				5291295F23EC5A9F00AF1427 /* FoodPin */,
				5291295E23EC5A9F00AF1427 /* Products */,
			);
			sourceTree = "<group>";
		};
		5291295E23EC5A9F00AF1427 /* Products */ = {
			isa = PBXGroup;
			children = (
				5291295D23EC5A9F00AF1427 /* FoodPin.app */,
			);
			name = Products;
			sourceTree = "<group>";
		};
		5291295F23EC5A9F00AF1427 /* FoodPin */ = {
			isa = PBXGroup;
			children = (
				529B2FF223FABBEA00BE042B /* Storyboard */,
				529B2FF323FABC2A00BE042B /* Model */,
				529B2FF423FABC5500BE042B /* View */,
				529B2FF123FABB8300BE042B /* Controller */,
				5291296023EC5A9F00AF1427 /* AppDelegate.swift */,
				5291296223EC5A9F00AF1427 /* SceneDelegate.swift */,
				5291296923EC5AA100AF1427 /* Assets.xcassets */,
				5291296E23EC5AA100AF1427 /* Info.plist */,
				52F39FA82420E8ED009B441F /* Extensions */,
				52324BAB23FF32E900228360 /* Resources */,
			);
			path = FoodPin;
			sourceTree = "<group>";
		};
		529B2FF123FABB8300BE042B /* Controller */ = {
			isa = PBXGroup;
			children = (
				5291297423EC5D3B00AF1427 /* RestaurantTableViewController.swift */,
				5267C53423F9C8DB00B2C505 /* RestaurantDetailViewController.swift */,
			);
			path = Controller;
			sourceTree = "<group>";
		};
		529B2FF223FABBEA00BE042B /* Storyboard */ = {
			isa = PBXGroup;
			children = (
				5291296623EC5A9F00AF1427 /* Main.storyboard */,
				5291296B23EC5AA100AF1427 /* LaunchScreen.storyboard */,
			);
			path = Storyboard;
			sourceTree = "<group>";
		};
		529B2FF323FABC2A00BE042B /* Model */ = {
			isa = PBXGroup;
			children = (
				529B2FEF23FAB01700BE042B /* Restaurant.swift */,
			);
			path = Model;
			sourceTree = "<group>";
		};
		529B2FF423FABC5500BE042B /* View */ = {
			isa = PBXGroup;
			children = (
				5291297623EC81F200AF1427 /* RestaurantTableViewCell.swift */,
				52BA41F223FD61BD00A9529B /* RestaurantDetailHeaderView.swift */,
				524892C8240502C6002D945B /* RestaurantDetailIconTextCell.swift */,
				524892CA24051217002D945B /* RestaurantDetailTextCell.swift */,
			);
			path = View;
			sourceTree = "<group>";
		};
		52BA41E323FD47FF00A9529B /* Fonts */ = {
			isa = PBXGroup;
			children = (
				52BA41EA23FD491600A9529B /* Abril_Fatface_OFL.txt */,
				52BA41E823FD491600A9529B /* AbrilFatface-Regular.ttf */,
				52BA41E623FD491600A9529B /* Amatic_SC_OFL.txt */,
				52BA41E723FD491600A9529B /* AmaticSC-Bold.ttf */,
				52BA41E523FD491600A9529B /* AmaticSC-Regular.ttf */,
				52BA41E923FD491600A9529B /* Lacquer-Regular.ttf */,
				52BA41E423FD491600A9529B /* LacquerOFL.txt */,
			);
			path = Fonts;
			sourceTree = "<group>";
		};
		52F39FA82420E8ED009B441F /* Extensions */ = {
			isa = PBXGroup;
			children = (
				52F39FA92420E93D009B441F /* UIColor_Ext.swift */,
			);
			path = Extensions;
			sourceTree = "<group>";
		};
/* End PBXGroup section */

/* Begin PBXNativeTarget section */
		5291295C23EC5A9F00AF1427 /* FoodPin */ = {
			isa = PBXNativeTarget;
			buildConfigurationList = 5291297123EC5AA100AF1427 /* Build configuration list for PBXNativeTarget "FoodPin" */;
			buildPhases = (
				5291295923EC5A9F00AF1427 /* Sources */,
				5291295A23EC5A9F00AF1427 /* Frameworks */,
				5291295B23EC5A9F00AF1427 /* Resources */,
			);
			buildRules = (
			);
			dependencies = (
			);
			name = FoodPin;
			productName = FoodPin;
			productReference = 5291295D23EC5A9F00AF1427 /* FoodPin.app */;
			productType = "com.apple.product-type.application";
		};
/* End PBXNativeTarget section */

/* Begin PBXProject section */
		5291295523EC5A9F00AF1427 /* Project object */ = {
			isa = PBXProject;
			attributes = {
				LastSwiftUpdateCheck = 1130;
				LastUpgradeCheck = 1130;
				ORGANIZATIONNAME = Hans;
				TargetAttributes = {
					5291295C23EC5A9F00AF1427 = {
						CreatedOnToolsVersion = 11.3.1;
					};
				};
			};
			buildConfigurationList = 5291295823EC5A9F00AF1427 /* Build configuration list for PBXProject "FoodPin" */;
			compatibilityVersion = "Xcode 9.3";
			developmentRegion = en;
			hasScannedForEncodings = 0;
			knownRegions = (
				en,
				Base,
			);
			mainGroup = 5291295423EC5A9F00AF1427;
			productRefGroup = 5291295E23EC5A9F00AF1427 /* Products */;
			projectDirPath = "";
			projectRoot = "";
			targets = (
				5291295C23EC5A9F00AF1427 /* FoodPin */,
			);
		};
/* End PBXProject section */

/* Begin PBXResourcesBuildPhase section */
		5291295B23EC5A9F00AF1427 /* Resources */ = {
			isa = PBXResourcesBuildPhase;
			buildActionMask = 2147483647;
			files = (
				52BA41F123FD491600A9529B /* Abril_Fatface_OFL.txt in Resources */,
				52BA41EC23FD491600A9529B /* AmaticSC-Regular.ttf in Resources */,
				5291296D23EC5AA100AF1427 /* LaunchScreen.storyboard in Resources */,
				52BA41F023FD491600A9529B /* Lacquer-Regular.ttf in Resources */,
				52BA41EE23FD491600A9529B /* AmaticSC-Bold.ttf in Resources */,
				5291296A23EC5AA100AF1427 /* Assets.xcassets in Resources */,
				52BA41ED23FD491600A9529B /* Amatic_SC_OFL.txt in Resources */,
				52BA41EB23FD491600A9529B /* LacquerOFL.txt in Resources */,
				5291296823EC5A9F00AF1427 /* Main.storyboard in Resources */,
				52BA41EF23FD491600A9529B /* AbrilFatface-Regular.ttf in Resources */,
			);
			runOnlyForDeploymentPostprocessing = 0;
		};
/* End PBXResourcesBuildPhase section */

/* Begin PBXSourcesBuildPhase section */
		5291295923EC5A9F00AF1427 /* Sources */ = {
			isa = PBXSourcesBuildPhase;
			buildActionMask = 2147483647;
			files = (
				5291297723EC81F200AF1427 /* RestaurantTableViewCell.swift in Sources */,
				52F39FAA2420E93D009B441F /* UIColor_Ext.swift in Sources */,
				524892CB24051217002D945B /* RestaurantDetailTextCell.swift in Sources */,
				5291296123EC5A9F00AF1427 /* AppDelegate.swift in Sources */,
				529B2FF023FAB01700BE042B /* Restaurant.swift in Sources */,
				524892C9240502C7002D945B /* RestaurantDetailIconTextCell.swift in Sources */,
				52BA41F323FD61BD00A9529B /* RestaurantDetailHeaderView.swift in Sources */,
				5267C53523F9C8DB00B2C505 /* RestaurantDetailViewController.swift in Sources */,
				5291296323EC5A9F00AF1427 /* SceneDelegate.swift in Sources */,
				5291297523EC5D3B00AF1427 /* RestaurantTableViewController.swift in Sources */,
			);
			runOnlyForDeploymentPostprocessing = 0;
		};
/* End PBXSourcesBuildPhase section */

/* Begin PBXVariantGroup section */
		5291296623EC5A9F00AF1427 /* Main.storyboard */ = {
			isa = PBXVariantGroup;
			children = (
				5291296723EC5A9F00AF1427 /* Base */,
			);
			name = Main.storyboard;
			sourceTree = "<group>";
		};
		5291296B23EC5AA100AF1427 /* LaunchScreen.storyboard */ = {
			isa = PBXVariantGroup;
			children = (
				5291296C23EC5AA100AF1427 /* Base */,
			);
			name = LaunchScreen.storyboard;
			sourceTree = "<group>";
		};
/* End PBXVariantGroup section */

/* Begin XCBuildConfiguration section */
		5291296F23EC5AA100AF1427 /* Debug */ = {
			isa = XCBuildConfiguration;
			buildSettings = {
				ALWAYS_SEARCH_USER_PATHS = NO;
				CLANG_ANALYZER_NONNULL = YES;
				CLANG_ANALYZER_NUMBER_OBJECT_CONVERSION = YES_AGGRESSIVE;
				CLANG_CXX_LANGUAGE_STANDARD = "gnu++14";
				CLANG_CXX_LIBRARY = "libc++";
				CLANG_ENABLE_MODULES = YES;
				CLANG_ENABLE_OBJC_ARC = YES;
				CLANG_ENABLE_OBJC_WEAK = YES;
				CLANG_WARN_BLOCK_CAPTURE_AUTORELEASING = YES;
				CLANG_WARN_BOOL_CONVERSION = YES;
				CLANG_WARN_COMMA = YES;
				CLANG_WARN_CONSTANT_CONVERSION = YES;
				CLANG_WARN_DEPRECATED_OBJC_IMPLEMENTATIONS = YES;
				CLANG_WARN_DIRECT_OBJC_ISA_USAGE = YES_ERROR;
				CLANG_WARN_DOCUMENTATION_COMMENTS = YES;
				CLANG_WARN_EMPTY_BODY = YES;
				CLANG_WARN_ENUM_CONVERSION = YES;
				CLANG_WARN_INFINITE_RECURSION = YES;
				CLANG_WARN_INT_CONVERSION = YES;
				CLANG_WARN_NON_LITERAL_NULL_CONVERSION = YES;
				CLANG_WARN_OBJC_IMPLICIT_RETAIN_SELF = YES;
				CLANG_WARN_OBJC_LITERAL_CONVERSION = YES;
				CLANG_WARN_OBJC_ROOT_CLASS = YES_ERROR;
				CLANG_WARN_RANGE_LOOP_ANALYSIS = YES;
				CLANG_WARN_STRICT_PROTOTYPES = YES;
				CLANG_WARN_SUSPICIOUS_MOVE = YES;
				CLANG_WARN_UNGUARDED_AVAILABILITY = YES_AGGRESSIVE;
				CLANG_WARN_UNREACHABLE_CODE = YES;
				CLANG_WARN__DUPLICATE_METHOD_MATCH = YES;
				COPY_PHASE_STRIP = NO;
				DEBUG_INFORMATION_FORMAT = dwarf;
				ENABLE_STRICT_OBJC_MSGSEND = YES;
				ENABLE_TESTABILITY = YES;
				GCC_C_LANGUAGE_STANDARD = gnu11;
				GCC_DYNAMIC_NO_PIC = NO;
				GCC_NO_COMMON_BLOCKS = YES;
				GCC_OPTIMIZATION_LEVEL = 0;
				GCC_PREPROCESSOR_DEFINITIONS = (
					"DEBUG=1",
					"$(inherited)",
				);
				GCC_WARN_64_TO_32_BIT_CONVERSION = YES;
				GCC_WARN_ABOUT_RETURN_TYPE = YES_ERROR;
				GCC_WARN_UNDECLARED_SELECTOR = YES;
				GCC_WARN_UNINITIALIZED_AUTOS = YES_AGGRESSIVE;
				GCC_WARN_UNUSED_FUNCTION = YES;
				GCC_WARN_UNUSED_VARIABLE = YES;
				IPHONEOS_DEPLOYMENT_TARGET = 13.2;
				MTL_ENABLE_DEBUG_INFO = INCLUDE_SOURCE;
				MTL_FAST_MATH = YES;
				ONLY_ACTIVE_ARCH = YES;
				SDKROOT = iphoneos;
				SWIFT_ACTIVE_COMPILATION_CONDITIONS = DEBUG;
				SWIFT_OPTIMIZATION_LEVEL = "-Onone";
			};
			name = Debug;
		};
		5291297023EC5AA100AF1427 /* Release */ = {
			isa = XCBuildConfiguration;
			buildSettings = {
				ALWAYS_SEARCH_USER_PATHS = NO;
				CLANG_ANALYZER_NONNULL = YES;
				CLANG_ANALYZER_NUMBER_OBJECT_CONVERSION = YES_AGGRESSIVE;
				CLANG_CXX_LANGUAGE_STANDARD = "gnu++14";
				CLANG_CXX_LIBRARY = "libc++";
				CLANG_ENABLE_MODULES = YES;
				CLANG_ENABLE_OBJC_ARC = YES;
				CLANG_ENABLE_OBJC_WEAK = YES;
				CLANG_WARN_BLOCK_CAPTURE_AUTORELEASING = YES;
				CLANG_WARN_BOOL_CONVERSION = YES;
				CLANG_WARN_COMMA = YES;
				CLANG_WARN_CONSTANT_CONVERSION = YES;
				CLANG_WARN_DEPRECATED_OBJC_IMPLEMENTATIONS = YES;
				CLANG_WARN_DIRECT_OBJC_ISA_USAGE = YES_ERROR;
				CLANG_WARN_DOCUMENTATION_COMMENTS = YES;
				CLANG_WARN_EMPTY_BODY = YES;
				CLANG_WARN_ENUM_CONVERSION = YES;
				CLANG_WARN_INFINITE_RECURSION = YES;
				CLANG_WARN_INT_CONVERSION = YES;
				CLANG_WARN_NON_LITERAL_NULL_CONVERSION = YES;
				CLANG_WARN_OBJC_IMPLICIT_RETAIN_SELF = YES;
				CLANG_WARN_OBJC_LITERAL_CONVERSION = YES;
				CLANG_WARN_OBJC_ROOT_CLASS = YES_ERROR;
				CLANG_WARN_RANGE_LOOP_ANALYSIS = YES;
				CLANG_WARN_STRICT_PROTOTYPES = YES;
				CLANG_WARN_SUSPICIOUS_MOVE = YES;
				CLANG_WARN_UNGUARDED_AVAILABILITY = YES_AGGRESSIVE;
				CLANG_WARN_UNREACHABLE_CODE = YES;
				CLANG_WARN__DUPLICATE_METHOD_MATCH = YES;
				COPY_PHASE_STRIP = NO;
				DEBUG_INFORMATION_FORMAT = "dwarf-with-dsym";
				ENABLE_NS_ASSERTIONS = NO;
				ENABLE_STRICT_OBJC_MSGSEND = YES;
				GCC_C_LANGUAGE_STANDARD = gnu11;
				GCC_NO_COMMON_BLOCKS = YES;
				GCC_WARN_64_TO_32_BIT_CONVERSION = YES;
				GCC_WARN_ABOUT_RETURN_TYPE = YES_ERROR;
				GCC_WARN_UNDECLARED_SELECTOR = YES;
				GCC_WARN_UNINITIALIZED_AUTOS = YES_AGGRESSIVE;
				GCC_WARN_UNUSED_FUNCTION = YES;
				GCC_WARN_UNUSED_VARIABLE = YES;
				IPHONEOS_DEPLOYMENT_TARGET = 13.2;
				MTL_ENABLE_DEBUG_INFO = NO;
				MTL_FAST_MATH = YES;
				SDKROOT = iphoneos;
				SWIFT_COMPILATION_MODE = wholemodule;
				SWIFT_OPTIMIZATION_LEVEL = "-O";
				VALIDATE_PRODUCT = YES;
			};
			name = Release;
		};
		5291297223EC5AA100AF1427 /* Debug */ = {
			isa = XCBuildConfiguration;
			buildSettings = {
				ASSETCATALOG_COMPILER_APPICON_NAME = AppIcon;
				CODE_SIGN_STYLE = Automatic;
				DEVELOPMENT_TEAM = CZMQPQ4QTD;
				INFOPLIST_FILE = FoodPin/Info.plist;
				IPHONEOS_DEPLOYMENT_TARGET = 13.2;
				LD_RUNPATH_SEARCH_PATHS = (
					"$(inherited)",
					"@executable_path/Frameworks",
				);
				PRODUCT_BUNDLE_IDENTIFIER = com.JinHau.FoodPin;
				PRODUCT_NAME = "$(TARGET_NAME)";
				SWIFT_VERSION = 5.0;
				TARGETED_DEVICE_FAMILY = "1,2";
			};
			name = Debug;
		};
		5291297323EC5AA100AF1427 /* Release */ = {
			isa = XCBuildConfiguration;
			buildSettings = {
				ASSETCATALOG_COMPILER_APPICON_NAME = AppIcon;
				CODE_SIGN_STYLE = Automatic;
				DEVELOPMENT_TEAM = CZMQPQ4QTD;
				INFOPLIST_FILE = FoodPin/Info.plist;
				IPHONEOS_DEPLOYMENT_TARGET = 13.2;
				LD_RUNPATH_SEARCH_PATHS = (
					"$(inherited)",
					"@executable_path/Frameworks",
				);
				PRODUCT_BUNDLE_IDENTIFIER = com.JinHau.FoodPin;
				PRODUCT_NAME = "$(TARGET_NAME)";
				SWIFT_VERSION = 5.0;
				TARGETED_DEVICE_FAMILY = "1,2";
			};
			name = Release;
		};
/* End XCBuildConfiguration section */

/* Begin XCConfigurationList section */
		5291295823EC5A9F00AF1427 /* Build configuration list for PBXProject "FoodPin" */ = {
			isa = XCConfigurationList;
			buildConfigurations = (
				5291296F23EC5AA100AF1427 /* Debug */,
				5291297023EC5AA100AF1427 /* Release */,
			);
			defaultConfigurationIsVisible = 0;
			defaultConfigurationName = Release;
		};
		5291297123EC5AA100AF1427 /* Build configuration list for PBXNativeTarget "FoodPin" */ = {
			isa = XCConfigurationList;
			buildConfigurations = (
				5291297223EC5AA100AF1427 /* Debug */,
				5291297323EC5AA100AF1427 /* Release */,
			);
			defaultConfigurationIsVisible = 0;
			defaultConfigurationName = Release;
		};
/* End XCConfigurationList section */
	};
	rootObject = 5291295523EC5A9F00AF1427 /* Project object */;
}
